// !$*UTF8*$!
{
	archiveVersion = 1;
	classes = {
	};
	objectVersion = 51;
	objects = {

/* Begin PBXBuildFile section */
		048002D74C9E0FAE340F0815 /* Pods_SimpleFirebaseChatAppTests.framework in Frameworks */ = {isa = PBXBuildFile; fileRef = D22FDD1C7A627118A5982751 /* Pods_SimpleFirebaseChatAppTests.framework */; };
		542D5B8226D741A5000CE9CE /* UserDetailCurrentUserView.swift in Sources */ = {isa = PBXBuildFile; fileRef = 542D5B8126D741A5000CE9CE /* UserDetailCurrentUserView.swift */; };
		542D5B8426D741B8000CE9CE /* UserDetailPartnerUserView.swift in Sources */ = {isa = PBXBuildFile; fileRef = 542D5B8326D741B8000CE9CE /* UserDetailPartnerUserView.swift */; };
		543D950A26D5B5EE009E2946 /* GoogleService-Info.plist in Resources */ = {isa = PBXBuildFile; fileRef = 543D950926D5B5EE009E2946 /* GoogleService-Info.plist */; };
		543D952126D5DCD7009E2946 /* Application.swift in Sources */ = {isa = PBXBuildFile; fileRef = 543D952026D5DCD7009E2946 /* Application.swift */; };
		543D952326D5DCE0009E2946 /* Transitioner.swift in Sources */ = {isa = PBXBuildFile; fileRef = 543D952226D5DCE0009E2946 /* Transitioner.swift */; };
		543D952526D5DDDC009E2946 /* SignUpPresenter.swift in Sources */ = {isa = PBXBuildFile; fileRef = 543D952426D5DDDC009E2946 /* SignUpPresenter.swift */; };
		543D952726D5DDEB009E2946 /* LoginPresenter.swift in Sources */ = {isa = PBXBuildFile; fileRef = 543D952626D5DDEB009E2946 /* LoginPresenter.swift */; };
		543D952926D5DE23009E2946 /* ChatListPresenter.swift in Sources */ = {isa = PBXBuildFile; fileRef = 543D952826D5DE23009E2946 /* ChatListPresenter.swift */; };
		543D952B26D5DE33009E2946 /* UserListPresenter.swift in Sources */ = {isa = PBXBuildFile; fileRef = 543D952A26D5DE33009E2946 /* UserListPresenter.swift */; };
		543D952D26D5DE44009E2946 /* ChatRoomPresenter.swift in Sources */ = {isa = PBXBuildFile; fileRef = 543D952C26D5DE44009E2946 /* ChatRoomPresenter.swift */; };
		543D953226D5E874009E2946 /* User.swift in Sources */ = {isa = PBXBuildFile; fileRef = 543D953126D5E874009E2946 /* User.swift */; };
		543D953426D5E886009E2946 /* ChatRoom.swift in Sources */ = {isa = PBXBuildFile; fileRef = 543D953326D5E886009E2946 /* ChatRoom.swift */; };
		543D953626D5E88D009E2946 /* Message.swift in Sources */ = {isa = PBXBuildFile; fileRef = 543D953526D5E88D009E2946 /* Message.swift */; };
		543D953C26D5EB34009E2946 /* UserDetailViewController.swift in Sources */ = {isa = PBXBuildFile; fileRef = 543D953B26D5EB34009E2946 /* UserDetailViewController.swift */; };
		543D953E26D5EB3F009E2946 /* UserDetailPresenter.swift in Sources */ = {isa = PBXBuildFile; fileRef = 543D953D26D5EB3F009E2946 /* UserDetailPresenter.swift */; };
		543D954126D5F3BD009E2946 /* UIColor-Extension.swift in Sources */ = {isa = PBXBuildFile; fileRef = 543D954026D5F3BD009E2946 /* UIColor-Extension.swift */; };
		543D954426D608CF009E2946 /* ChatListCell.xib in Resources */ = {isa = PBXBuildFile; fileRef = 543D954326D608CF009E2946 /* ChatListCell.xib */; };
		543D954626D608FA009E2946 /* ChatListCell.swift in Sources */ = {isa = PBXBuildFile; fileRef = 543D954526D608FA009E2946 /* ChatListCell.swift */; };
		543D954926D614C1009E2946 /* UserListCell.xib in Resources */ = {isa = PBXBuildFile; fileRef = 543D954826D614C1009E2946 /* UserListCell.xib */; };
		543D954B26D615F8009E2946 /* UserListCell.swift in Sources */ = {isa = PBXBuildFile; fileRef = 543D954A26D615F8009E2946 /* UserListCell.swift */; };
		543D954E26D61BC7009E2946 /* ChatRoomCurrentUserCell.xib in Resources */ = {isa = PBXBuildFile; fileRef = 543D954D26D61BC7009E2946 /* ChatRoomCurrentUserCell.xib */; };
		543D955026D61BDF009E2946 /* ChatRoomPartnerUserCell.xib in Resources */ = {isa = PBXBuildFile; fileRef = 543D954F26D61BDF009E2946 /* ChatRoomPartnerUserCell.xib */; };
		543D955226D61CB3009E2946 /* ChatRoomInputView.xib in Resources */ = {isa = PBXBuildFile; fileRef = 543D955126D61CB3009E2946 /* ChatRoomInputView.xib */; };
		543D955426D62031009E2946 /* ChatRoomCurrentUserCell.swift in Sources */ = {isa = PBXBuildFile; fileRef = 543D955326D62031009E2946 /* ChatRoomCurrentUserCell.swift */; };
		543D955626D6204D009E2946 /* ChatRoomPartnerUserCell.swift in Sources */ = {isa = PBXBuildFile; fileRef = 543D955526D6204D009E2946 /* ChatRoomPartnerUserCell.swift */; };
		543D955826D62065009E2946 /* ChatRoomInputView.swift in Sources */ = {isa = PBXBuildFile; fileRef = 543D955726D62065009E2946 /* ChatRoomInputView.swift */; };
		54EBB9E526C7781E00A8861A /* AppDelegate.swift in Sources */ = {isa = PBXBuildFile; fileRef = 54EBB9E426C7781E00A8861A /* AppDelegate.swift */; };
		54EBB9E726C7781E00A8861A /* SceneDelegate.swift in Sources */ = {isa = PBXBuildFile; fileRef = 54EBB9E626C7781E00A8861A /* SceneDelegate.swift */; };
		54EBB9E926C7781E00A8861A /* ViewController.swift in Sources */ = {isa = PBXBuildFile; fileRef = 54EBB9E826C7781E00A8861A /* ViewController.swift */; };
		54EBB9EE26C7781F00A8861A /* Assets.xcassets in Resources */ = {isa = PBXBuildFile; fileRef = 54EBB9ED26C7781F00A8861A /* Assets.xcassets */; };
		54EBB9F126C7781F00A8861A /* LaunchScreen.storyboard in Resources */ = {isa = PBXBuildFile; fileRef = 54EBB9EF26C7781F00A8861A /* LaunchScreen.storyboard */; };
		54EBB9FC26C7781F00A8861A /* SimpleFirebaseChatAppTests.swift in Sources */ = {isa = PBXBuildFile; fileRef = 54EBB9FB26C7781F00A8861A /* SimpleFirebaseChatAppTests.swift */; };
		54EBBA0726C7781F00A8861A /* SimpleFirebaseChatAppUITests.swift in Sources */ = {isa = PBXBuildFile; fileRef = 54EBBA0626C7781F00A8861A /* SimpleFirebaseChatAppUITests.swift */; };
		54EBBA1926C78ED400A8861A /* SignUpViewController.swift in Sources */ = {isa = PBXBuildFile; fileRef = 54EBBA1826C78ED400A8861A /* SignUpViewController.swift */; };
		54EBBA1B26C78EE400A8861A /* LoginViewController.swift in Sources */ = {isa = PBXBuildFile; fileRef = 54EBBA1A26C78EE400A8861A /* LoginViewController.swift */; };
		54EBBA1D26C78F0D00A8861A /* UserListViewController.swift in Sources */ = {isa = PBXBuildFile; fileRef = 54EBBA1C26C78F0D00A8861A /* UserListViewController.swift */; };
		54EBBA1F26C78F2A00A8861A /* ChatListViewController.swift in Sources */ = {isa = PBXBuildFile; fileRef = 54EBBA1E26C78F2A00A8861A /* ChatListViewController.swift */; };
		54EBBA2126C78F4600A8861A /* ChatRoomViewController.swift in Sources */ = {isa = PBXBuildFile; fileRef = 54EBBA2026C78F4600A8861A /* ChatRoomViewController.swift */; };
		54EF579526D9E27400F92080 /* UserGateway.swift in Sources */ = {isa = PBXBuildFile; fileRef = 54EF579426D9E27400F92080 /* UserGateway.swift */; };
		54EF579726D9E27E00F92080 /* UserDataStore.swift in Sources */ = {isa = PBXBuildFile; fileRef = 54EF579626D9E27E00F92080 /* UserDataStore.swift */; };
		54EF579926D9E28A00F92080 /* ChatRoomGateway.swift in Sources */ = {isa = PBXBuildFile; fileRef = 54EF579826D9E28A00F92080 /* ChatRoomGateway.swift */; };
		54EF579B26D9E29600F92080 /* ChatRoomDataStore.swift in Sources */ = {isa = PBXBuildFile; fileRef = 54EF579A26D9E29600F92080 /* ChatRoomDataStore.swift */; };
		54EF579D26D9E2A300F92080 /* MessageGateway.swift in Sources */ = {isa = PBXBuildFile; fileRef = 54EF579C26D9E2A300F92080 /* MessageGateway.swift */; };
		54EF579F26D9E2AE00F92080 /* MessageDataStore.swift in Sources */ = {isa = PBXBuildFile; fileRef = 54EF579E26D9E2AE00F92080 /* MessageDataStore.swift */; };
		54EF57A226DA036A00F92080 /* ChatUseCase.swift in Sources */ = {isa = PBXBuildFile; fileRef = 54EF57A126DA036A00F92080 /* ChatUseCase.swift */; };
		54EF57A426DA049200F92080 /* SignUpRouter.swift in Sources */ = {isa = PBXBuildFile; fileRef = 54EF57A326DA049200F92080 /* SignUpRouter.swift */; };
		54EF57A626DA049B00F92080 /* LoginRouter.swift in Sources */ = {isa = PBXBuildFile; fileRef = 54EF57A526DA049B00F92080 /* LoginRouter.swift */; };
		54EF57A826DA04A600F92080 /* ChatListRouter.swift in Sources */ = {isa = PBXBuildFile; fileRef = 54EF57A726DA04A600F92080 /* ChatListRouter.swift */; };
		54EF57AA26DA04B100F92080 /* UserListRouter.swift in Sources */ = {isa = PBXBuildFile; fileRef = 54EF57A926DA04B100F92080 /* UserListRouter.swift */; };
		54EF57AC26DA04BB00F92080 /* ChatRoomRouter.swift in Sources */ = {isa = PBXBuildFile; fileRef = 54EF57AB26DA04BB00F92080 /* ChatRoomRouter.swift */; };
		54EF57AE26DA04D000F92080 /* UserDetailRouter.swift in Sources */ = {isa = PBXBuildFile; fileRef = 54EF57AD26DA04D000F92080 /* UserDetailRouter.swift */; };
		54FAA38926E6C71B009493AD /* AddChatRoomAlert.swift in Sources */ = {isa = PBXBuildFile; fileRef = 54FAA38826E6C71B009493AD /* AddChatRoomAlert.swift */; };
		851C1ADAF1420D8CF3658B2C /* Pods_SimpleFirebaseChatApp.framework in Frameworks */ = {isa = PBXBuildFile; fileRef = AD160BF18C37B5B45A1B10F9 /* Pods_SimpleFirebaseChatApp.framework */; };
		C931070A9306068AE2F4DF4B /* Pods_SimpleFirebaseChatApp_SimpleFirebaseChatAppUITests.framework in Frameworks */ = {isa = PBXBuildFile; fileRef = D4D718DFFAF958FF9E4227BE /* Pods_SimpleFirebaseChatApp_SimpleFirebaseChatAppUITests.framework */; };
/* End PBXBuildFile section */

/* Begin PBXContainerItemProxy section */
		54EBB9F826C7781F00A8861A /* PBXContainerItemProxy */ = {
			isa = PBXContainerItemProxy;
			containerPortal = 54EBB9D926C7781E00A8861A /* Project object */;
			proxyType = 1;
			remoteGlobalIDString = 54EBB9E026C7781E00A8861A;
			remoteInfo = SimpleFirebaseChatApp;
		};
		54EBBA0326C7781F00A8861A /* PBXContainerItemProxy */ = {
			isa = PBXContainerItemProxy;
			containerPortal = 54EBB9D926C7781E00A8861A /* Project object */;
			proxyType = 1;
			remoteGlobalIDString = 54EBB9E026C7781E00A8861A;
			remoteInfo = SimpleFirebaseChatApp;
		};
/* End PBXContainerItemProxy section */

/* Begin PBXFileReference section */
		542D5B8126D741A5000CE9CE /* UserDetailCurrentUserView.swift */ = {isa = PBXFileReference; lastKnownFileType = sourcecode.swift; path = UserDetailCurrentUserView.swift; sourceTree = "<group>"; };
		542D5B8326D741B8000CE9CE /* UserDetailPartnerUserView.swift */ = {isa = PBXFileReference; lastKnownFileType = sourcecode.swift; path = UserDetailPartnerUserView.swift; sourceTree = "<group>"; };
		543D950926D5B5EE009E2946 /* GoogleService-Info.plist */ = {isa = PBXFileReference; fileEncoding = 4; lastKnownFileType = text.plist.xml; name = "GoogleService-Info.plist"; path = "../../../../../../../Downloads/GoogleService-Info.plist"; sourceTree = "<group>"; };
		543D952026D5DCD7009E2946 /* Application.swift */ = {isa = PBXFileReference; lastKnownFileType = sourcecode.swift; path = Application.swift; sourceTree = "<group>"; };
		543D952226D5DCE0009E2946 /* Transitioner.swift */ = {isa = PBXFileReference; lastKnownFileType = sourcecode.swift; path = Transitioner.swift; sourceTree = "<group>"; };
		543D952426D5DDDC009E2946 /* SignUpPresenter.swift */ = {isa = PBXFileReference; lastKnownFileType = sourcecode.swift; path = SignUpPresenter.swift; sourceTree = "<group>"; };
		543D952626D5DDEB009E2946 /* LoginPresenter.swift */ = {isa = PBXFileReference; lastKnownFileType = sourcecode.swift; path = LoginPresenter.swift; sourceTree = "<group>"; };
		543D952826D5DE23009E2946 /* ChatListPresenter.swift */ = {isa = PBXFileReference; lastKnownFileType = sourcecode.swift; path = ChatListPresenter.swift; sourceTree = "<group>"; };
		543D952A26D5DE33009E2946 /* UserListPresenter.swift */ = {isa = PBXFileReference; lastKnownFileType = sourcecode.swift; path = UserListPresenter.swift; sourceTree = "<group>"; };
		543D952C26D5DE44009E2946 /* ChatRoomPresenter.swift */ = {isa = PBXFileReference; lastKnownFileType = sourcecode.swift; path = ChatRoomPresenter.swift; sourceTree = "<group>"; };
		543D953126D5E874009E2946 /* User.swift */ = {isa = PBXFileReference; lastKnownFileType = sourcecode.swift; path = User.swift; sourceTree = "<group>"; };
		543D953326D5E886009E2946 /* ChatRoom.swift */ = {isa = PBXFileReference; lastKnownFileType = sourcecode.swift; path = ChatRoom.swift; sourceTree = "<group>"; };
		543D953526D5E88D009E2946 /* Message.swift */ = {isa = PBXFileReference; lastKnownFileType = sourcecode.swift; path = Message.swift; sourceTree = "<group>"; };
		543D953B26D5EB34009E2946 /* UserDetailViewController.swift */ = {isa = PBXFileReference; lastKnownFileType = sourcecode.swift; path = UserDetailViewController.swift; sourceTree = "<group>"; };
		543D953D26D5EB3F009E2946 /* UserDetailPresenter.swift */ = {isa = PBXFileReference; lastKnownFileType = sourcecode.swift; path = UserDetailPresenter.swift; sourceTree = "<group>"; };
		543D954026D5F3BD009E2946 /* UIColor-Extension.swift */ = {isa = PBXFileReference; lastKnownFileType = sourcecode.swift; path = "UIColor-Extension.swift"; sourceTree = "<group>"; };
		543D954326D608CF009E2946 /* ChatListCell.xib */ = {isa = PBXFileReference; lastKnownFileType = file.xib; path = ChatListCell.xib; sourceTree = "<group>"; };
		543D954526D608FA009E2946 /* ChatListCell.swift */ = {isa = PBXFileReference; lastKnownFileType = sourcecode.swift; path = ChatListCell.swift; sourceTree = "<group>"; };
		543D954826D614C1009E2946 /* UserListCell.xib */ = {isa = PBXFileReference; lastKnownFileType = file.xib; path = UserListCell.xib; sourceTree = "<group>"; };
		543D954A26D615F8009E2946 /* UserListCell.swift */ = {isa = PBXFileReference; lastKnownFileType = sourcecode.swift; path = UserListCell.swift; sourceTree = "<group>"; };
		543D954D26D61BC7009E2946 /* ChatRoomCurrentUserCell.xib */ = {isa = PBXFileReference; lastKnownFileType = file.xib; path = ChatRoomCurrentUserCell.xib; sourceTree = "<group>"; };
		543D954F26D61BDF009E2946 /* ChatRoomPartnerUserCell.xib */ = {isa = PBXFileReference; lastKnownFileType = file.xib; path = ChatRoomPartnerUserCell.xib; sourceTree = "<group>"; };
		543D955126D61CB3009E2946 /* ChatRoomInputView.xib */ = {isa = PBXFileReference; lastKnownFileType = file.xib; path = ChatRoomInputView.xib; sourceTree = "<group>"; };
		543D955326D62031009E2946 /* ChatRoomCurrentUserCell.swift */ = {isa = PBXFileReference; lastKnownFileType = sourcecode.swift; path = ChatRoomCurrentUserCell.swift; sourceTree = "<group>"; };
		543D955526D6204D009E2946 /* ChatRoomPartnerUserCell.swift */ = {isa = PBXFileReference; lastKnownFileType = sourcecode.swift; path = ChatRoomPartnerUserCell.swift; sourceTree = "<group>"; };
		543D955726D62065009E2946 /* ChatRoomInputView.swift */ = {isa = PBXFileReference; lastKnownFileType = sourcecode.swift; path = ChatRoomInputView.swift; sourceTree = "<group>"; };
		54EBB9E126C7781E00A8861A /* SimpleFirebaseChatApp.app */ = {isa = PBXFileReference; explicitFileType = wrapper.application; includeInIndex = 0; path = SimpleFirebaseChatApp.app; sourceTree = BUILT_PRODUCTS_DIR; };
		54EBB9E426C7781E00A8861A /* AppDelegate.swift */ = {isa = PBXFileReference; lastKnownFileType = sourcecode.swift; path = AppDelegate.swift; sourceTree = "<group>"; };
		54EBB9E626C7781E00A8861A /* SceneDelegate.swift */ = {isa = PBXFileReference; lastKnownFileType = sourcecode.swift; path = SceneDelegate.swift; sourceTree = "<group>"; };
		54EBB9E826C7781E00A8861A /* ViewController.swift */ = {isa = PBXFileReference; lastKnownFileType = sourcecode.swift; path = ViewController.swift; sourceTree = "<group>"; };
		54EBB9ED26C7781F00A8861A /* Assets.xcassets */ = {isa = PBXFileReference; lastKnownFileType = folder.assetcatalog; path = Assets.xcassets; sourceTree = "<group>"; };
		54EBB9F026C7781F00A8861A /* Base */ = {isa = PBXFileReference; lastKnownFileType = file.storyboard; name = Base; path = Base.lproj/LaunchScreen.storyboard; sourceTree = "<group>"; };
		54EBB9F226C7781F00A8861A /* Info.plist */ = {isa = PBXFileReference; lastKnownFileType = text.plist.xml; path = Info.plist; sourceTree = "<group>"; };
		54EBB9F726C7781F00A8861A /* SimpleFirebaseChatAppTests.xctest */ = {isa = PBXFileReference; explicitFileType = wrapper.cfbundle; includeInIndex = 0; path = SimpleFirebaseChatAppTests.xctest; sourceTree = BUILT_PRODUCTS_DIR; };
		54EBB9FB26C7781F00A8861A /* SimpleFirebaseChatAppTests.swift */ = {isa = PBXFileReference; lastKnownFileType = sourcecode.swift; path = SimpleFirebaseChatAppTests.swift; sourceTree = "<group>"; };
		54EBB9FD26C7781F00A8861A /* Info.plist */ = {isa = PBXFileReference; lastKnownFileType = text.plist.xml; path = Info.plist; sourceTree = "<group>"; };
		54EBBA0226C7781F00A8861A /* SimpleFirebaseChatAppUITests.xctest */ = {isa = PBXFileReference; explicitFileType = wrapper.cfbundle; includeInIndex = 0; path = SimpleFirebaseChatAppUITests.xctest; sourceTree = BUILT_PRODUCTS_DIR; };
		54EBBA0626C7781F00A8861A /* SimpleFirebaseChatAppUITests.swift */ = {isa = PBXFileReference; lastKnownFileType = sourcecode.swift; path = SimpleFirebaseChatAppUITests.swift; sourceTree = "<group>"; };
		54EBBA0826C7781F00A8861A /* Info.plist */ = {isa = PBXFileReference; lastKnownFileType = text.plist.xml; path = Info.plist; sourceTree = "<group>"; };
		54EBBA1826C78ED400A8861A /* SignUpViewController.swift */ = {isa = PBXFileReference; lastKnownFileType = sourcecode.swift; path = SignUpViewController.swift; sourceTree = "<group>"; };
		54EBBA1A26C78EE400A8861A /* LoginViewController.swift */ = {isa = PBXFileReference; lastKnownFileType = sourcecode.swift; path = LoginViewController.swift; sourceTree = "<group>"; };
		54EBBA1C26C78F0D00A8861A /* UserListViewController.swift */ = {isa = PBXFileReference; lastKnownFileType = sourcecode.swift; path = UserListViewController.swift; sourceTree = "<group>"; };
		54EBBA1E26C78F2A00A8861A /* ChatListViewController.swift */ = {isa = PBXFileReference; lastKnownFileType = sourcecode.swift; path = ChatListViewController.swift; sourceTree = "<group>"; };
		54EBBA2026C78F4600A8861A /* ChatRoomViewController.swift */ = {isa = PBXFileReference; lastKnownFileType = sourcecode.swift; path = ChatRoomViewController.swift; sourceTree = "<group>"; };
		54EF579426D9E27400F92080 /* UserGateway.swift */ = {isa = PBXFileReference; lastKnownFileType = sourcecode.swift; path = UserGateway.swift; sourceTree = "<group>"; };
		54EF579626D9E27E00F92080 /* UserDataStore.swift */ = {isa = PBXFileReference; lastKnownFileType = sourcecode.swift; path = UserDataStore.swift; sourceTree = "<group>"; };
		54EF579826D9E28A00F92080 /* ChatRoomGateway.swift */ = {isa = PBXFileReference; lastKnownFileType = sourcecode.swift; path = ChatRoomGateway.swift; sourceTree = "<group>"; };
		54EF579A26D9E29600F92080 /* ChatRoomDataStore.swift */ = {isa = PBXFileReference; lastKnownFileType = sourcecode.swift; path = ChatRoomDataStore.swift; sourceTree = "<group>"; };
		54EF579C26D9E2A300F92080 /* MessageGateway.swift */ = {isa = PBXFileReference; lastKnownFileType = sourcecode.swift; path = MessageGateway.swift; sourceTree = "<group>"; };
		54EF579E26D9E2AE00F92080 /* MessageDataStore.swift */ = {isa = PBXFileReference; lastKnownFileType = sourcecode.swift; path = MessageDataStore.swift; sourceTree = "<group>"; };
		54EF57A126DA036A00F92080 /* ChatUseCase.swift */ = {isa = PBXFileReference; lastKnownFileType = sourcecode.swift; path = ChatUseCase.swift; sourceTree = "<group>"; };
		54EF57A326DA049200F92080 /* SignUpRouter.swift */ = {isa = PBXFileReference; lastKnownFileType = sourcecode.swift; path = SignUpRouter.swift; sourceTree = "<group>"; };
		54EF57A526DA049B00F92080 /* LoginRouter.swift */ = {isa = PBXFileReference; lastKnownFileType = sourcecode.swift; path = LoginRouter.swift; sourceTree = "<group>"; };
		54EF57A726DA04A600F92080 /* ChatListRouter.swift */ = {isa = PBXFileReference; lastKnownFileType = sourcecode.swift; path = ChatListRouter.swift; sourceTree = "<group>"; };
		54EF57A926DA04B100F92080 /* UserListRouter.swift */ = {isa = PBXFileReference; lastKnownFileType = sourcecode.swift; path = UserListRouter.swift; sourceTree = "<group>"; };
		54EF57AB26DA04BB00F92080 /* ChatRoomRouter.swift */ = {isa = PBXFileReference; lastKnownFileType = sourcecode.swift; path = ChatRoomRouter.swift; sourceTree = "<group>"; };
		54EF57AD26DA04D000F92080 /* UserDetailRouter.swift */ = {isa = PBXFileReference; lastKnownFileType = sourcecode.swift; path = UserDetailRouter.swift; sourceTree = "<group>"; };
		54FAA38826E6C71B009493AD /* AddChatRoomAlert.swift */ = {isa = PBXFileReference; lastKnownFileType = sourcecode.swift; path = AddChatRoomAlert.swift; sourceTree = "<group>"; };
		61F6D2BE437273217E3B86D9 /* Pods-SimpleFirebaseChatApp.debug.xcconfig */ = {isa = PBXFileReference; includeInIndex = 1; lastKnownFileType = text.xcconfig; name = "Pods-SimpleFirebaseChatApp.debug.xcconfig"; path = "Target Support Files/Pods-SimpleFirebaseChatApp/Pods-SimpleFirebaseChatApp.debug.xcconfig"; sourceTree = "<group>"; };
		87B2884D89E678379B52610E /* Pods-SimpleFirebaseChatApp.release.xcconfig */ = {isa = PBXFileReference; includeInIndex = 1; lastKnownFileType = text.xcconfig; name = "Pods-SimpleFirebaseChatApp.release.xcconfig"; path = "Target Support Files/Pods-SimpleFirebaseChatApp/Pods-SimpleFirebaseChatApp.release.xcconfig"; sourceTree = "<group>"; };
		AD160BF18C37B5B45A1B10F9 /* Pods_SimpleFirebaseChatApp.framework */ = {isa = PBXFileReference; explicitFileType = wrapper.framework; includeInIndex = 0; path = Pods_SimpleFirebaseChatApp.framework; sourceTree = BUILT_PRODUCTS_DIR; };
		AD78BBEDCC3C939CCE9A0C19 /* Pods-SimpleFirebaseChatAppTests.release.xcconfig */ = {isa = PBXFileReference; includeInIndex = 1; lastKnownFileType = text.xcconfig; name = "Pods-SimpleFirebaseChatAppTests.release.xcconfig"; path = "Target Support Files/Pods-SimpleFirebaseChatAppTests/Pods-SimpleFirebaseChatAppTests.release.xcconfig"; sourceTree = "<group>"; };
		B74C01FB9D351A1622282100 /* Pods-SimpleFirebaseChatApp-SimpleFirebaseChatAppUITests.debug.xcconfig */ = {isa = PBXFileReference; includeInIndex = 1; lastKnownFileType = text.xcconfig; name = "Pods-SimpleFirebaseChatApp-SimpleFirebaseChatAppUITests.debug.xcconfig"; path = "Target Support Files/Pods-SimpleFirebaseChatApp-SimpleFirebaseChatAppUITests/Pods-SimpleFirebaseChatApp-SimpleFirebaseChatAppUITests.debug.xcconfig"; sourceTree = "<group>"; };
		D22FDD1C7A627118A5982751 /* Pods_SimpleFirebaseChatAppTests.framework */ = {isa = PBXFileReference; explicitFileType = wrapper.framework; includeInIndex = 0; path = Pods_SimpleFirebaseChatAppTests.framework; sourceTree = BUILT_PRODUCTS_DIR; };
		D4D718DFFAF958FF9E4227BE /* Pods_SimpleFirebaseChatApp_SimpleFirebaseChatAppUITests.framework */ = {isa = PBXFileReference; explicitFileType = wrapper.framework; includeInIndex = 0; path = Pods_SimpleFirebaseChatApp_SimpleFirebaseChatAppUITests.framework; sourceTree = BUILT_PRODUCTS_DIR; };
		E2F2E307CB7982B3D74B8776 /* Pods-SimpleFirebaseChatApp-SimpleFirebaseChatAppUITests.release.xcconfig */ = {isa = PBXFileReference; includeInIndex = 1; lastKnownFileType = text.xcconfig; name = "Pods-SimpleFirebaseChatApp-SimpleFirebaseChatAppUITests.release.xcconfig"; path = "Target Support Files/Pods-SimpleFirebaseChatApp-SimpleFirebaseChatAppUITests/Pods-SimpleFirebaseChatApp-SimpleFirebaseChatAppUITests.release.xcconfig"; sourceTree = "<group>"; };
		F19E934B4E60E1CAACB00858 /* Pods-SimpleFirebaseChatAppTests.debug.xcconfig */ = {isa = PBXFileReference; includeInIndex = 1; lastKnownFileType = text.xcconfig; name = "Pods-SimpleFirebaseChatAppTests.debug.xcconfig"; path = "Target Support Files/Pods-SimpleFirebaseChatAppTests/Pods-SimpleFirebaseChatAppTests.debug.xcconfig"; sourceTree = "<group>"; };
/* End PBXFileReference section */

/* Begin PBXFrameworksBuildPhase section */
		54EBB9DE26C7781E00A8861A /* Frameworks */ = {
			isa = PBXFrameworksBuildPhase;
			buildActionMask = 2147483647;
			files = (
				851C1ADAF1420D8CF3658B2C /* Pods_SimpleFirebaseChatApp.framework in Frameworks */,
			);
			runOnlyForDeploymentPostprocessing = 0;
		};
		54EBB9F426C7781F00A8861A /* Frameworks */ = {
			isa = PBXFrameworksBuildPhase;
			buildActionMask = 2147483647;
			files = (
				048002D74C9E0FAE340F0815 /* Pods_SimpleFirebaseChatAppTests.framework in Frameworks */,
			);
			runOnlyForDeploymentPostprocessing = 0;
		};
		54EBB9FF26C7781F00A8861A /* Frameworks */ = {
			isa = PBXFrameworksBuildPhase;
			buildActionMask = 2147483647;
			files = (
				C931070A9306068AE2F4DF4B /* Pods_SimpleFirebaseChatApp_SimpleFirebaseChatAppUITests.framework in Frameworks */,
			);
			runOnlyForDeploymentPostprocessing = 0;
		};
/* End PBXFrameworksBuildPhase section */

/* Begin PBXGroup section */
		4994FAD2A029FE407B5394F5 /* Pods */ = {
			isa = PBXGroup;
			children = (
				61F6D2BE437273217E3B86D9 /* Pods-SimpleFirebaseChatApp.debug.xcconfig */,
				87B2884D89E678379B52610E /* Pods-SimpleFirebaseChatApp.release.xcconfig */,
				B74C01FB9D351A1622282100 /* Pods-SimpleFirebaseChatApp-SimpleFirebaseChatAppUITests.debug.xcconfig */,
				E2F2E307CB7982B3D74B8776 /* Pods-SimpleFirebaseChatApp-SimpleFirebaseChatAppUITests.release.xcconfig */,
				F19E934B4E60E1CAACB00858 /* Pods-SimpleFirebaseChatAppTests.debug.xcconfig */,
				AD78BBEDCC3C939CCE9A0C19 /* Pods-SimpleFirebaseChatAppTests.release.xcconfig */,
			);
			path = Pods;
			sourceTree = "<group>";
		};
		543D950B26D5B78B009E2946 /* App */ = {
			isa = PBXGroup;
			children = (
				54EF57AF26DA11DA00F92080 /* Protocol */,
				543D953F26D5F3AD009E2946 /* Extensions */,
				543D950E26D5B7A1009E2946 /* Environment */,
				543D950D26D5B79B009E2946 /* Data */,
				543D950C26D5B795009E2946 /* Scenes */,
			);
			path = App;
			sourceTree = "<group>";
		};
		543D950C26D5B795009E2946 /* Scenes */ = {
			isa = PBXGroup;
			children = (
				54EF57A026DA02FD00F92080 /* Domain */,
				543D951E26D5DC42009E2946 /* UI */,
				543D951326D5B876009E2946 /* SignUp */,
				543D951226D5B863009E2946 /* Login */,
				543D951126D5B85C009E2946 /* ChatList */,
				543D951026D5B854009E2946 /* UserList */,
				543D950F26D5B842009E2946 /* ChatRoom */,
				543D953826D5EAEE009E2946 /* UserDetail */,
			);
			path = Scenes;
			sourceTree = "<group>";
		};
		543D950D26D5B79B009E2946 /* Data */ = {
			isa = PBXGroup;
			children = (
				543D952E26D5E828009E2946 /* User */,
				543D952F26D5E839009E2946 /* ChatRoom */,
				543D953026D5E841009E2946 /* Message */,
			);
			path = Data;
			sourceTree = "<group>";
		};
		543D950E26D5B7A1009E2946 /* Environment */ = {
			isa = PBXGroup;
			children = (
				543D952026D5DCD7009E2946 /* Application.swift */,
				543D952226D5DCE0009E2946 /* Transitioner.swift */,
			);
			path = Environment;
			sourceTree = "<group>";
		};
		543D950F26D5B842009E2946 /* ChatRoom */ = {
			isa = PBXGroup;
			children = (
				543D951D26D5DBDD009E2946 /* Domain */,
				543D951B26D5DBCF009E2946 /* Presentation */,
			);
			path = ChatRoom;
			sourceTree = "<group>";
		};
		543D951026D5B854009E2946 /* UserList */ = {
			isa = PBXGroup;
			children = (
				543D951C26D5DBD6009E2946 /* Domain */,
				543D951A26D5DBC4009E2946 /* Presentation */,
			);
			path = UserList;
			sourceTree = "<group>";
		};
		543D951126D5B85C009E2946 /* ChatList */ = {
			isa = PBXGroup;
			children = (
				543D951926D5DBBF009E2946 /* Domain */,
				543D951826D5DBB8009E2946 /* Presentation */,
			);
			path = ChatList;
			sourceTree = "<group>";
		};
		543D951226D5B863009E2946 /* Login */ = {
			isa = PBXGroup;
			children = (
				543D951626D5DBAA009E2946 /* Domain */,
				543D951726D5DBAF009E2946 /* Presentation */,
			);
			path = Login;
			sourceTree = "<group>";
		};
		543D951326D5B876009E2946 /* SignUp */ = {
			isa = PBXGroup;
			children = (
				543D951526D5B89E009E2946 /* Domain */,
				543D951426D5B881009E2946 /* Presentation */,
			);
			path = SignUp;
			sourceTree = "<group>";
		};
		543D951426D5B881009E2946 /* Presentation */ = {
			isa = PBXGroup;
			children = (
				54EBBA1826C78ED400A8861A /* SignUpViewController.swift */,
				543D952426D5DDDC009E2946 /* SignUpPresenter.swift */,
				54EF57A326DA049200F92080 /* SignUpRouter.swift */,
			);
			path = Presentation;
			sourceTree = "<group>";
		};
		543D951526D5B89E009E2946 /* Domain */ = {
			isa = PBXGroup;
			children = (
			);
			path = Domain;
			sourceTree = "<group>";
		};
		543D951626D5DBAA009E2946 /* Domain */ = {
			isa = PBXGroup;
			children = (
			);
			path = Domain;
			sourceTree = "<group>";
		};
		543D951726D5DBAF009E2946 /* Presentation */ = {
			isa = PBXGroup;
			children = (
				54EBBA1A26C78EE400A8861A /* LoginViewController.swift */,
				543D952626D5DDEB009E2946 /* LoginPresenter.swift */,
				54EF57A526DA049B00F92080 /* LoginRouter.swift */,
			);
			path = Presentation;
			sourceTree = "<group>";
		};
		543D951826D5DBB8009E2946 /* Presentation */ = {
			isa = PBXGroup;
			children = (
				543D954226D60865009E2946 /* Xib */,
				54EF579026D9E1B800F92080 /* UI */,
				54EBBA1E26C78F2A00A8861A /* ChatListViewController.swift */,
				543D952826D5DE23009E2946 /* ChatListPresenter.swift */,
				54EF57A726DA04A600F92080 /* ChatListRouter.swift */,
			);
			path = Presentation;
			sourceTree = "<group>";
		};
		543D951926D5DBBF009E2946 /* Domain */ = {
			isa = PBXGroup;
			children = (
			);
			path = Domain;
			sourceTree = "<group>";
		};
		543D951A26D5DBC4009E2946 /* Presentation */ = {
			isa = PBXGroup;
			children = (
				543D954726D614AC009E2946 /* Xib */,
				54EF579126D9E1D200F92080 /* UI */,
				54EBBA1C26C78F0D00A8861A /* UserListViewController.swift */,
				543D952A26D5DE33009E2946 /* UserListPresenter.swift */,
				54EF57A926DA04B100F92080 /* UserListRouter.swift */,
			);
			path = Presentation;
			sourceTree = "<group>";
		};
		543D951B26D5DBCF009E2946 /* Presentation */ = {
			isa = PBXGroup;
			children = (
				543D954C26D61AF4009E2946 /* Xib */,
				54EF579226D9E1FF00F92080 /* UI */,
				54EBBA2026C78F4600A8861A /* ChatRoomViewController.swift */,
				543D952C26D5DE44009E2946 /* ChatRoomPresenter.swift */,
				54EF57AB26DA04BB00F92080 /* ChatRoomRouter.swift */,
			);
			path = Presentation;
			sourceTree = "<group>";
		};
		543D951C26D5DBD6009E2946 /* Domain */ = {
			isa = PBXGroup;
			children = (
			);
			path = Domain;
			sourceTree = "<group>";
		};
		543D951D26D5DBDD009E2946 /* Domain */ = {
			isa = PBXGroup;
			children = (
			);
			path = Domain;
			sourceTree = "<group>";
		};
		543D951E26D5DC42009E2946 /* UI */ = {
			isa = PBXGroup;
			children = (
			);
			path = UI;
			sourceTree = "<group>";
		};
		543D952E26D5E828009E2946 /* User */ = {
			isa = PBXGroup;
			children = (
				543D953126D5E874009E2946 /* User.swift */,
				54EF579426D9E27400F92080 /* UserGateway.swift */,
				54EF579626D9E27E00F92080 /* UserDataStore.swift */,
			);
			path = User;
			sourceTree = "<group>";
		};
		543D952F26D5E839009E2946 /* ChatRoom */ = {
			isa = PBXGroup;
			children = (
				543D953326D5E886009E2946 /* ChatRoom.swift */,
				54EF579826D9E28A00F92080 /* ChatRoomGateway.swift */,
				54EF579A26D9E29600F92080 /* ChatRoomDataStore.swift */,
			);
			path = ChatRoom;
			sourceTree = "<group>";
		};
		543D953026D5E841009E2946 /* Message */ = {
			isa = PBXGroup;
			children = (
				543D953526D5E88D009E2946 /* Message.swift */,
				54EF579C26D9E2A300F92080 /* MessageGateway.swift */,
				54EF579E26D9E2AE00F92080 /* MessageDataStore.swift */,
			);
			path = Message;
			sourceTree = "<group>";
		};
		543D953826D5EAEE009E2946 /* UserDetail */ = {
			isa = PBXGroup;
			children = (
				543D953926D5EB15009E2946 /* Domain */,
				543D953A26D5EB1B009E2946 /* Presentation */,
			);
			path = UserDetail;
			sourceTree = "<group>";
		};
		543D953926D5EB15009E2946 /* Domain */ = {
			isa = PBXGroup;
			children = (
			);
			path = Domain;
			sourceTree = "<group>";
		};
		543D953A26D5EB1B009E2946 /* Presentation */ = {
			isa = PBXGroup;
			children = (
				54EF579326D9E21E00F92080 /* UI */,
				543D953B26D5EB34009E2946 /* UserDetailViewController.swift */,
				543D953D26D5EB3F009E2946 /* UserDetailPresenter.swift */,
				54EF57AD26DA04D000F92080 /* UserDetailRouter.swift */,
			);
			path = Presentation;
			sourceTree = "<group>";
		};
		543D953F26D5F3AD009E2946 /* Extensions */ = {
			isa = PBXGroup;
			children = (
				543D954026D5F3BD009E2946 /* UIColor-Extension.swift */,
			);
			path = Extensions;
			sourceTree = "<group>";
		};
		543D954226D60865009E2946 /* Xib */ = {
			isa = PBXGroup;
			children = (
				543D954326D608CF009E2946 /* ChatListCell.xib */,
			);
			path = Xib;
			sourceTree = "<group>";
		};
		543D954726D614AC009E2946 /* Xib */ = {
			isa = PBXGroup;
			children = (
				543D954826D614C1009E2946 /* UserListCell.xib */,
			);
			path = Xib;
			sourceTree = "<group>";
		};
		543D954C26D61AF4009E2946 /* Xib */ = {
			isa = PBXGroup;
			children = (
				543D954D26D61BC7009E2946 /* ChatRoomCurrentUserCell.xib */,
				543D954F26D61BDF009E2946 /* ChatRoomPartnerUserCell.xib */,
				543D955126D61CB3009E2946 /* ChatRoomInputView.xib */,
			);
			path = Xib;
			sourceTree = "<group>";
		};
		54EBB9D826C7781E00A8861A = {
			isa = PBXGroup;
			children = (
				54EBB9E326C7781E00A8861A /* SimpleFirebaseChatApp */,
				54EBB9FA26C7781F00A8861A /* SimpleFirebaseChatAppTests */,
				54EBBA0526C7781F00A8861A /* SimpleFirebaseChatAppUITests */,
				54EBB9E226C7781E00A8861A /* Products */,
				4994FAD2A029FE407B5394F5 /* Pods */,
				8668F3385DE7B3198AAE197F /* Frameworks */,
			);
			sourceTree = "<group>";
		};
		54EBB9E226C7781E00A8861A /* Products */ = {
			isa = PBXGroup;
			children = (
				54EBB9E126C7781E00A8861A /* SimpleFirebaseChatApp.app */,
				54EBB9F726C7781F00A8861A /* SimpleFirebaseChatAppTests.xctest */,
				54EBBA0226C7781F00A8861A /* SimpleFirebaseChatAppUITests.xctest */,
			);
			name = Products;
			sourceTree = "<group>";
		};
		54EBB9E326C7781E00A8861A /* SimpleFirebaseChatApp */ = {
			isa = PBXGroup;
			children = (
				543D950B26D5B78B009E2946 /* App */,
				54EBB9E426C7781E00A8861A /* AppDelegate.swift */,
				54EBB9E626C7781E00A8861A /* SceneDelegate.swift */,
				54EBB9E826C7781E00A8861A /* ViewController.swift */,
				54EBB9ED26C7781F00A8861A /* Assets.xcassets */,
				54EBB9EF26C7781F00A8861A /* LaunchScreen.storyboard */,
				543D950926D5B5EE009E2946 /* GoogleService-Info.plist */,
				54EBB9F226C7781F00A8861A /* Info.plist */,
			);
			path = SimpleFirebaseChatApp;
			sourceTree = "<group>";
		};
		54EBB9FA26C7781F00A8861A /* SimpleFirebaseChatAppTests */ = {
			isa = PBXGroup;
			children = (
				54EBB9FB26C7781F00A8861A /* SimpleFirebaseChatAppTests.swift */,
				54EBB9FD26C7781F00A8861A /* Info.plist */,
			);
			path = SimpleFirebaseChatAppTests;
			sourceTree = "<group>";
		};
		54EBBA0526C7781F00A8861A /* SimpleFirebaseChatAppUITests */ = {
			isa = PBXGroup;
			children = (
				54EBBA0626C7781F00A8861A /* SimpleFirebaseChatAppUITests.swift */,
				54EBBA0826C7781F00A8861A /* Info.plist */,
			);
			path = SimpleFirebaseChatAppUITests;
			sourceTree = "<group>";
		};
		54EF579026D9E1B800F92080 /* UI */ = {
			isa = PBXGroup;
			children = (
				543D954526D608FA009E2946 /* ChatListCell.swift */,
			);
			path = UI;
			sourceTree = "<group>";
		};
		54EF579126D9E1D200F92080 /* UI */ = {
			isa = PBXGroup;
			children = (
				543D954A26D615F8009E2946 /* UserListCell.swift */,
				54FAA38826E6C71B009493AD /* AddChatRoomAlert.swift */,
			);
			path = UI;
			sourceTree = "<group>";
		};
		54EF579226D9E1FF00F92080 /* UI */ = {
			isa = PBXGroup;
			children = (
				543D955326D62031009E2946 /* ChatRoomCurrentUserCell.swift */,
				543D955526D6204D009E2946 /* ChatRoomPartnerUserCell.swift */,
				543D955726D62065009E2946 /* ChatRoomInputView.swift */,
			);
			path = UI;
			sourceTree = "<group>";
		};
		54EF579326D9E21E00F92080 /* UI */ = {
			isa = PBXGroup;
			children = (
				542D5B8126D741A5000CE9CE /* UserDetailCurrentUserView.swift */,
				542D5B8326D741B8000CE9CE /* UserDetailPartnerUserView.swift */,
			);
			path = UI;
			sourceTree = "<group>";
		};
		54EF57A026DA02FD00F92080 /* Domain */ = {
			isa = PBXGroup;
			children = (
				54EF57A126DA036A00F92080 /* ChatUseCase.swift */,
			);
			path = Domain;
			sourceTree = "<group>";
		};
		54EF57AF26DA11DA00F92080 /* Protocol */ = {
			isa = PBXGroup;
			children = (
			);
			path = Protocol;
			sourceTree = "<group>";
		};
		8668F3385DE7B3198AAE197F /* Frameworks */ = {
			isa = PBXGroup;
			children = (
				AD160BF18C37B5B45A1B10F9 /* Pods_SimpleFirebaseChatApp.framework */,
				D4D718DFFAF958FF9E4227BE /* Pods_SimpleFirebaseChatApp_SimpleFirebaseChatAppUITests.framework */,
				D22FDD1C7A627118A5982751 /* Pods_SimpleFirebaseChatAppTests.framework */,
			);
			name = Frameworks;
			sourceTree = "<group>";
		};
/* End PBXGroup section */

/* Begin PBXNativeTarget section */
		54EBB9E026C7781E00A8861A /* SimpleFirebaseChatApp */ = {
			isa = PBXNativeTarget;
			buildConfigurationList = 54EBBA0B26C7781F00A8861A /* Build configuration list for PBXNativeTarget "SimpleFirebaseChatApp" */;
			buildPhases = (
				93D337CBBD872E08CB18E789 /* [CP] Check Pods Manifest.lock */,
				54EBB9DD26C7781E00A8861A /* Sources */,
				54EBB9DE26C7781E00A8861A /* Frameworks */,
				54EBB9DF26C7781E00A8861A /* Resources */,
				BDD627800EE70E25F9B74985 /* [CP] Embed Pods Frameworks */,
			);
			buildRules = (
			);
			dependencies = (
			);
			name = SimpleFirebaseChatApp;
			productName = SimpleFirebaseChatApp;
			productReference = 54EBB9E126C7781E00A8861A /* SimpleFirebaseChatApp.app */;
			productType = "com.apple.product-type.application";
		};
		54EBB9F626C7781F00A8861A /* SimpleFirebaseChatAppTests */ = {
			isa = PBXNativeTarget;
			buildConfigurationList = 54EBBA0E26C7781F00A8861A /* Build configuration list for PBXNativeTarget "SimpleFirebaseChatAppTests" */;
			buildPhases = (
				35126586A722A8A85370E902 /* [CP] Check Pods Manifest.lock */,
				54EBB9F326C7781F00A8861A /* Sources */,
				54EBB9F426C7781F00A8861A /* Frameworks */,
				54EBB9F526C7781F00A8861A /* Resources */,
			);
			buildRules = (
			);
			dependencies = (
				54EBB9F926C7781F00A8861A /* PBXTargetDependency */,
			);
			name = SimpleFirebaseChatAppTests;
			productName = SimpleFirebaseChatAppTests;
			productReference = 54EBB9F726C7781F00A8861A /* SimpleFirebaseChatAppTests.xctest */;
			productType = "com.apple.product-type.bundle.unit-test";
		};
		54EBBA0126C7781F00A8861A /* SimpleFirebaseChatAppUITests */ = {
			isa = PBXNativeTarget;
			buildConfigurationList = 54EBBA1126C7781F00A8861A /* Build configuration list for PBXNativeTarget "SimpleFirebaseChatAppUITests" */;
			buildPhases = (
				09EDD310962CD26AFA34723B /* [CP] Check Pods Manifest.lock */,
				54EBB9FE26C7781F00A8861A /* Sources */,
				54EBB9FF26C7781F00A8861A /* Frameworks */,
				54EBBA0026C7781F00A8861A /* Resources */,
				BD3B69410942710F2D85AD4B /* [CP] Embed Pods Frameworks */,
			);
			buildRules = (
			);
			dependencies = (
				54EBBA0426C7781F00A8861A /* PBXTargetDependency */,
			);
			name = SimpleFirebaseChatAppUITests;
			productName = SimpleFirebaseChatAppUITests;
			productReference = 54EBBA0226C7781F00A8861A /* SimpleFirebaseChatAppUITests.xctest */;
			productType = "com.apple.product-type.bundle.ui-testing";
		};
/* End PBXNativeTarget section */

/* Begin PBXProject section */
		54EBB9D926C7781E00A8861A /* Project object */ = {
			isa = PBXProject;
			attributes = {
				LastSwiftUpdateCheck = 1250;
				LastUpgradeCheck = 1250;
				TargetAttributes = {
					54EBB9E026C7781E00A8861A = {
						CreatedOnToolsVersion = 12.5.1;
					};
					54EBB9F626C7781F00A8861A = {
						CreatedOnToolsVersion = 12.5.1;
						TestTargetID = 54EBB9E026C7781E00A8861A;
					};
					54EBBA0126C7781F00A8861A = {
						CreatedOnToolsVersion = 12.5.1;
						TestTargetID = 54EBB9E026C7781E00A8861A;
					};
				};
			};
			buildConfigurationList = 54EBB9DC26C7781E00A8861A /* Build configuration list for PBXProject "SimpleFirebaseChatApp" */;
			compatibilityVersion = "Xcode 9.3";
			developmentRegion = en;
			hasScannedForEncodings = 0;
			knownRegions = (
				en,
				Base,
			);
			mainGroup = 54EBB9D826C7781E00A8861A;
			productRefGroup = 54EBB9E226C7781E00A8861A /* Products */;
			projectDirPath = "";
			projectRoot = "";
			targets = (
				54EBB9E026C7781E00A8861A /* SimpleFirebaseChatApp */,
				54EBB9F626C7781F00A8861A /* SimpleFirebaseChatAppTests */,
				54EBBA0126C7781F00A8861A /* SimpleFirebaseChatAppUITests */,
			);
		};
/* End PBXProject section */

/* Begin PBXResourcesBuildPhase section */
		54EBB9DF26C7781E00A8861A /* Resources */ = {
			isa = PBXResourcesBuildPhase;
			buildActionMask = 2147483647;
			files = (
				54EBB9F126C7781F00A8861A /* LaunchScreen.storyboard in Resources */,
				543D954426D608CF009E2946 /* ChatListCell.xib in Resources */,
				543D954926D614C1009E2946 /* UserListCell.xib in Resources */,
				54EBB9EE26C7781F00A8861A /* Assets.xcassets in Resources */,
				543D955026D61BDF009E2946 /* ChatRoomPartnerUserCell.xib in Resources */,
				543D950A26D5B5EE009E2946 /* GoogleService-Info.plist in Resources */,
				543D955226D61CB3009E2946 /* ChatRoomInputView.xib in Resources */,
				543D954E26D61BC7009E2946 /* ChatRoomCurrentUserCell.xib in Resources */,
			);
			runOnlyForDeploymentPostprocessing = 0;
		};
		54EBB9F526C7781F00A8861A /* Resources */ = {
			isa = PBXResourcesBuildPhase;
			buildActionMask = 2147483647;
			files = (
			);
			runOnlyForDeploymentPostprocessing = 0;
		};
		54EBBA0026C7781F00A8861A /* Resources */ = {
			isa = PBXResourcesBuildPhase;
			buildActionMask = 2147483647;
			files = (
			);
			runOnlyForDeploymentPostprocessing = 0;
		};
/* End PBXResourcesBuildPhase section */

/* Begin PBXShellScriptBuildPhase section */
		09EDD310962CD26AFA34723B /* [CP] Check Pods Manifest.lock */ = {
			isa = PBXShellScriptBuildPhase;
			buildActionMask = 2147483647;
			files = (
			);
			inputFileListPaths = (
			);
			inputPaths = (
				"${PODS_PODFILE_DIR_PATH}/Podfile.lock",
				"${PODS_ROOT}/Manifest.lock",
			);
			name = "[CP] Check Pods Manifest.lock";
			outputFileListPaths = (
			);
			outputPaths = (
				"$(DERIVED_FILE_DIR)/Pods-SimpleFirebaseChatApp-SimpleFirebaseChatAppUITests-checkManifestLockResult.txt",
			);
			runOnlyForDeploymentPostprocessing = 0;
			shellPath = /bin/sh;
			shellScript = "diff \"${PODS_PODFILE_DIR_PATH}/Podfile.lock\" \"${PODS_ROOT}/Manifest.lock\" > /dev/null\nif [ $? != 0 ] ; then\n    # print error to STDERR\n    echo \"error: The sandbox is not in sync with the Podfile.lock. Run 'pod install' or update your CocoaPods installation.\" >&2\n    exit 1\nfi\n# This output is used by Xcode 'outputs' to avoid re-running this script phase.\necho \"SUCCESS\" > \"${SCRIPT_OUTPUT_FILE_0}\"\n";
			showEnvVarsInLog = 0;
		};
		35126586A722A8A85370E902 /* [CP] Check Pods Manifest.lock */ = {
			isa = PBXShellScriptBuildPhase;
			buildActionMask = 2147483647;
			files = (
			);
			inputFileListPaths = (
			);
			inputPaths = (
				"${PODS_PODFILE_DIR_PATH}/Podfile.lock",
				"${PODS_ROOT}/Manifest.lock",
			);
			name = "[CP] Check Pods Manifest.lock";
			outputFileListPaths = (
			);
			outputPaths = (
				"$(DERIVED_FILE_DIR)/Pods-SimpleFirebaseChatAppTests-checkManifestLockResult.txt",
			);
			runOnlyForDeploymentPostprocessing = 0;
			shellPath = /bin/sh;
			shellScript = "diff \"${PODS_PODFILE_DIR_PATH}/Podfile.lock\" \"${PODS_ROOT}/Manifest.lock\" > /dev/null\nif [ $? != 0 ] ; then\n    # print error to STDERR\n    echo \"error: The sandbox is not in sync with the Podfile.lock. Run 'pod install' or update your CocoaPods installation.\" >&2\n    exit 1\nfi\n# This output is used by Xcode 'outputs' to avoid re-running this script phase.\necho \"SUCCESS\" > \"${SCRIPT_OUTPUT_FILE_0}\"\n";
			showEnvVarsInLog = 0;
		};
		93D337CBBD872E08CB18E789 /* [CP] Check Pods Manifest.lock */ = {
			isa = PBXShellScriptBuildPhase;
			buildActionMask = 2147483647;
			files = (
			);
			inputFileListPaths = (
			);
			inputPaths = (
				"${PODS_PODFILE_DIR_PATH}/Podfile.lock",
				"${PODS_ROOT}/Manifest.lock",
			);
			name = "[CP] Check Pods Manifest.lock";
			outputFileListPaths = (
			);
			outputPaths = (
				"$(DERIVED_FILE_DIR)/Pods-SimpleFirebaseChatApp-checkManifestLockResult.txt",
			);
			runOnlyForDeploymentPostprocessing = 0;
			shellPath = /bin/sh;
			shellScript = "diff \"${PODS_PODFILE_DIR_PATH}/Podfile.lock\" \"${PODS_ROOT}/Manifest.lock\" > /dev/null\nif [ $? != 0 ] ; then\n    # print error to STDERR\n    echo \"error: The sandbox is not in sync with the Podfile.lock. Run 'pod install' or update your CocoaPods installation.\" >&2\n    exit 1\nfi\n# This output is used by Xcode 'outputs' to avoid re-running this script phase.\necho \"SUCCESS\" > \"${SCRIPT_OUTPUT_FILE_0}\"\n";
			showEnvVarsInLog = 0;
		};
		BD3B69410942710F2D85AD4B /* [CP] Embed Pods Frameworks */ = {
			isa = PBXShellScriptBuildPhase;
			buildActionMask = 2147483647;
			files = (
			);
			inputFileListPaths = (
				"${PODS_ROOT}/Target Support Files/Pods-SimpleFirebaseChatApp-SimpleFirebaseChatAppUITests/Pods-SimpleFirebaseChatApp-SimpleFirebaseChatAppUITests-frameworks-${CONFIGURATION}-input-files.xcfilelist",
			);
			name = "[CP] Embed Pods Frameworks";
			outputFileListPaths = (
				"${PODS_ROOT}/Target Support Files/Pods-SimpleFirebaseChatApp-SimpleFirebaseChatAppUITests/Pods-SimpleFirebaseChatApp-SimpleFirebaseChatAppUITests-frameworks-${CONFIGURATION}-output-files.xcfilelist",
			);
			runOnlyForDeploymentPostprocessing = 0;
			shellPath = /bin/sh;
			shellScript = "\"${PODS_ROOT}/Target Support Files/Pods-SimpleFirebaseChatApp-SimpleFirebaseChatAppUITests/Pods-SimpleFirebaseChatApp-SimpleFirebaseChatAppUITests-frameworks.sh\"\n";
			showEnvVarsInLog = 0;
		};
		BDD627800EE70E25F9B74985 /* [CP] Embed Pods Frameworks */ = {
			isa = PBXShellScriptBuildPhase;
			buildActionMask = 2147483647;
			files = (
			);
			inputFileListPaths = (
				"${PODS_ROOT}/Target Support Files/Pods-SimpleFirebaseChatApp/Pods-SimpleFirebaseChatApp-frameworks-${CONFIGURATION}-input-files.xcfilelist",
			);
			name = "[CP] Embed Pods Frameworks";
			outputFileListPaths = (
				"${PODS_ROOT}/Target Support Files/Pods-SimpleFirebaseChatApp/Pods-SimpleFirebaseChatApp-frameworks-${CONFIGURATION}-output-files.xcfilelist",
			);
			runOnlyForDeploymentPostprocessing = 0;
			shellPath = /bin/sh;
			shellScript = "\"${PODS_ROOT}/Target Support Files/Pods-SimpleFirebaseChatApp/Pods-SimpleFirebaseChatApp-frameworks.sh\"\n";
			showEnvVarsInLog = 0;
		};
/* End PBXShellScriptBuildPhase section */

/* Begin PBXSourcesBuildPhase section */
		54EBB9DD26C7781E00A8861A /* Sources */ = {
			isa = PBXSourcesBuildPhase;
			buildActionMask = 2147483647;
			files = (
				54EF57A426DA049200F92080 /* SignUpRouter.swift in Sources */,
				543D952726D5DDEB009E2946 /* LoginPresenter.swift in Sources */,
				54EF579926D9E28A00F92080 /* ChatRoomGateway.swift in Sources */,
				542D5B8226D741A5000CE9CE /* UserDetailCurrentUserView.swift in Sources */,
				54EF57A226DA036A00F92080 /* ChatUseCase.swift in Sources */,
				543D952126D5DCD7009E2946 /* Application.swift in Sources */,
				543D952926D5DE23009E2946 /* ChatListPresenter.swift in Sources */,
				54EF579526D9E27400F92080 /* UserGateway.swift in Sources */,
				543D953626D5E88D009E2946 /* Message.swift in Sources */,
				54EF57AA26DA04B100F92080 /* UserListRouter.swift in Sources */,
				54EF57A626DA049B00F92080 /* LoginRouter.swift in Sources */,
				54EBB9E926C7781E00A8861A /* ViewController.swift in Sources */,
				543D953226D5E874009E2946 /* User.swift in Sources */,
				54EF57AC26DA04BB00F92080 /* ChatRoomRouter.swift in Sources */,
				543D955826D62065009E2946 /* ChatRoomInputView.swift in Sources */,
				54EBB9E526C7781E00A8861A /* AppDelegate.swift in Sources */,
				543D952326D5DCE0009E2946 /* Transitioner.swift in Sources */,
				543D952D26D5DE44009E2946 /* ChatRoomPresenter.swift in Sources */,
				54EBBA1926C78ED400A8861A /* SignUpViewController.swift in Sources */,
				543D953E26D5EB3F009E2946 /* UserDetailPresenter.swift in Sources */,
				54EF57A826DA04A600F92080 /* ChatListRouter.swift in Sources */,
				543D954626D608FA009E2946 /* ChatListCell.swift in Sources */,
				54EF57AE26DA04D000F92080 /* UserDetailRouter.swift in Sources */,
				543D955626D6204D009E2946 /* ChatRoomPartnerUserCell.swift in Sources */,
				54EBBA2126C78F4600A8861A /* ChatRoomViewController.swift in Sources */,
				54EBBA1B26C78EE400A8861A /* LoginViewController.swift in Sources */,
				54EF579726D9E27E00F92080 /* UserDataStore.swift in Sources */,
				543D952B26D5DE33009E2946 /* UserListPresenter.swift in Sources */,
				543D955426D62031009E2946 /* ChatRoomCurrentUserCell.swift in Sources */,
				54FAA38926E6C71B009493AD /* AddChatRoomAlert.swift in Sources */,
				54EF579B26D9E29600F92080 /* ChatRoomDataStore.swift in Sources */,
				54EF579D26D9E2A300F92080 /* MessageGateway.swift in Sources */,
				543D953426D5E886009E2946 /* ChatRoom.swift in Sources */,
				543D954B26D615F8009E2946 /* UserListCell.swift in Sources */,
				54EBBA1F26C78F2A00A8861A /* ChatListViewController.swift in Sources */,
				542D5B8426D741B8000CE9CE /* UserDetailPartnerUserView.swift in Sources */,
				54EBB9E726C7781E00A8861A /* SceneDelegate.swift in Sources */,
				543D953C26D5EB34009E2946 /* UserDetailViewController.swift in Sources */,
				543D952526D5DDDC009E2946 /* SignUpPresenter.swift in Sources */,
				54EF579F26D9E2AE00F92080 /* MessageDataStore.swift in Sources */,
				543D954126D5F3BD009E2946 /* UIColor-Extension.swift in Sources */,
				54EBBA1D26C78F0D00A8861A /* UserListViewController.swift in Sources */,
			);
			runOnlyForDeploymentPostprocessing = 0;
		};
		54EBB9F326C7781F00A8861A /* Sources */ = {
			isa = PBXSourcesBuildPhase;
			buildActionMask = 2147483647;
			files = (
				54EBB9FC26C7781F00A8861A /* SimpleFirebaseChatAppTests.swift in Sources */,
			);
			runOnlyForDeploymentPostprocessing = 0;
		};
		54EBB9FE26C7781F00A8861A /* Sources */ = {
			isa = PBXSourcesBuildPhase;
			buildActionMask = 2147483647;
			files = (
				54EBBA0726C7781F00A8861A /* SimpleFirebaseChatAppUITests.swift in Sources */,
			);
			runOnlyForDeploymentPostprocessing = 0;
		};
/* End PBXSourcesBuildPhase section */

/* Begin PBXTargetDependency section */
		54EBB9F926C7781F00A8861A /* PBXTargetDependency */ = {
			isa = PBXTargetDependency;
			target = 54EBB9E026C7781E00A8861A /* SimpleFirebaseChatApp */;
			targetProxy = 54EBB9F826C7781F00A8861A /* PBXContainerItemProxy */;
		};
		54EBBA0426C7781F00A8861A /* PBXTargetDependency */ = {
			isa = PBXTargetDependency;
			target = 54EBB9E026C7781E00A8861A /* SimpleFirebaseChatApp */;
			targetProxy = 54EBBA0326C7781F00A8861A /* PBXContainerItemProxy */;
		};
/* End PBXTargetDependency section */

/* Begin PBXVariantGroup section */
		54EBB9EF26C7781F00A8861A /* LaunchScreen.storyboard */ = {
			isa = PBXVariantGroup;
			children = (
				54EBB9F026C7781F00A8861A /* Base */,
			);
			name = LaunchScreen.storyboard;
			sourceTree = "<group>";
		};
/* End PBXVariantGroup section */

/* Begin XCBuildConfiguration section */
		54EBBA0926C7781F00A8861A /* Debug */ = {
			isa = XCBuildConfiguration;
			buildSettings = {
				ALWAYS_SEARCH_USER_PATHS = NO;
				CLANG_ANALYZER_NONNULL = YES;
				CLANG_ANALYZER_NUMBER_OBJECT_CONVERSION = YES_AGGRESSIVE;
				CLANG_CXX_LANGUAGE_STANDARD = "gnu++14";
				CLANG_CXX_LIBRARY = "libc++";
				CLANG_ENABLE_MODULES = YES;
				CLANG_ENABLE_OBJC_ARC = YES;
				CLANG_ENABLE_OBJC_WEAK = YES;
				CLANG_WARN_BLOCK_CAPTURE_AUTORELEASING = YES;
				CLANG_WARN_BOOL_CONVERSION = YES;
				CLANG_WARN_COMMA = YES;
				CLANG_WARN_CONSTANT_CONVERSION = YES;
				CLANG_WARN_DEPRECATED_OBJC_IMPLEMENTATIONS = YES;
				CLANG_WARN_DIRECT_OBJC_ISA_USAGE = YES_ERROR;
				CLANG_WARN_DOCUMENTATION_COMMENTS = YES;
				CLANG_WARN_EMPTY_BODY = YES;
				CLANG_WARN_ENUM_CONVERSION = YES;
				CLANG_WARN_INFINITE_RECURSION = YES;
				CLANG_WARN_INT_CONVERSION = YES;
				CLANG_WARN_NON_LITERAL_NULL_CONVERSION = YES;
				CLANG_WARN_OBJC_IMPLICIT_RETAIN_SELF = YES;
				CLANG_WARN_OBJC_LITERAL_CONVERSION = YES;
				CLANG_WARN_OBJC_ROOT_CLASS = YES_ERROR;
				CLANG_WARN_QUOTED_INCLUDE_IN_FRAMEWORK_HEADER = YES;
				CLANG_WARN_RANGE_LOOP_ANALYSIS = YES;
				CLANG_WARN_STRICT_PROTOTYPES = YES;
				CLANG_WARN_SUSPICIOUS_MOVE = YES;
				CLANG_WARN_UNGUARDED_AVAILABILITY = YES_AGGRESSIVE;
				CLANG_WARN_UNREACHABLE_CODE = YES;
				CLANG_WARN__DUPLICATE_METHOD_MATCH = YES;
				COPY_PHASE_STRIP = NO;
				DEBUG_INFORMATION_FORMAT = dwarf;
				ENABLE_STRICT_OBJC_MSGSEND = YES;
				ENABLE_TESTABILITY = YES;
				GCC_C_LANGUAGE_STANDARD = gnu11;
				GCC_DYNAMIC_NO_PIC = NO;
				GCC_NO_COMMON_BLOCKS = YES;
				GCC_OPTIMIZATION_LEVEL = 0;
				GCC_PREPROCESSOR_DEFINITIONS = (
					"DEBUG=1",
					"$(inherited)",
				);
				GCC_WARN_64_TO_32_BIT_CONVERSION = YES;
				GCC_WARN_ABOUT_RETURN_TYPE = YES_ERROR;
				GCC_WARN_UNDECLARED_SELECTOR = YES;
				GCC_WARN_UNINITIALIZED_AUTOS = YES_AGGRESSIVE;
				GCC_WARN_UNUSED_FUNCTION = YES;
				GCC_WARN_UNUSED_VARIABLE = YES;
				IPHONEOS_DEPLOYMENT_TARGET = 14.5;
				MTL_ENABLE_DEBUG_INFO = INCLUDE_SOURCE;
				MTL_FAST_MATH = YES;
				ONLY_ACTIVE_ARCH = YES;
				SDKROOT = iphoneos;
				SWIFT_ACTIVE_COMPILATION_CONDITIONS = DEBUG;
				SWIFT_OPTIMIZATION_LEVEL = "-Onone";
			};
			name = Debug;
		};
		54EBBA0A26C7781F00A8861A /* Release */ = {
			isa = XCBuildConfiguration;
			buildSettings = {
				ALWAYS_SEARCH_USER_PATHS = NO;
				CLANG_ANALYZER_NONNULL = YES;
				CLANG_ANALYZER_NUMBER_OBJECT_CONVERSION = YES_AGGRESSIVE;
				CLANG_CXX_LANGUAGE_STANDARD = "gnu++14";
				CLANG_CXX_LIBRARY = "libc++";
				CLANG_ENABLE_MODULES = YES;
				CLANG_ENABLE_OBJC_ARC = YES;
				CLANG_ENABLE_OBJC_WEAK = YES;
				CLANG_WARN_BLOCK_CAPTURE_AUTORELEASING = YES;
				CLANG_WARN_BOOL_CONVERSION = YES;
				CLANG_WARN_COMMA = YES;
				CLANG_WARN_CONSTANT_CONVERSION = YES;
				CLANG_WARN_DEPRECATED_OBJC_IMPLEMENTATIONS = YES;
				CLANG_WARN_DIRECT_OBJC_ISA_USAGE = YES_ERROR;
				CLANG_WARN_DOCUMENTATION_COMMENTS = YES;
				CLANG_WARN_EMPTY_BODY = YES;
				CLANG_WARN_ENUM_CONVERSION = YES;
				CLANG_WARN_INFINITE_RECURSION = YES;
				CLANG_WARN_INT_CONVERSION = YES;
				CLANG_WARN_NON_LITERAL_NULL_CONVERSION = YES;
				CLANG_WARN_OBJC_IMPLICIT_RETAIN_SELF = YES;
				CLANG_WARN_OBJC_LITERAL_CONVERSION = YES;
				CLANG_WARN_OBJC_ROOT_CLASS = YES_ERROR;
				CLANG_WARN_QUOTED_INCLUDE_IN_FRAMEWORK_HEADER = YES;
				CLANG_WARN_RANGE_LOOP_ANALYSIS = YES;
				CLANG_WARN_STRICT_PROTOTYPES = YES;
				CLANG_WARN_SUSPICIOUS_MOVE = YES;
				CLANG_WARN_UNGUARDED_AVAILABILITY = YES_AGGRESSIVE;
				CLANG_WARN_UNREACHABLE_CODE = YES;
				CLANG_WARN__DUPLICATE_METHOD_MATCH = YES;
				COPY_PHASE_STRIP = NO;
				DEBUG_INFORMATION_FORMAT = "dwarf-with-dsym";
				ENABLE_NS_ASSERTIONS = NO;
				ENABLE_STRICT_OBJC_MSGSEND = YES;
				GCC_C_LANGUAGE_STANDARD = gnu11;
				GCC_NO_COMMON_BLOCKS = YES;
				GCC_WARN_64_TO_32_BIT_CONVERSION = YES;
				GCC_WARN_ABOUT_RETURN_TYPE = YES_ERROR;
				GCC_WARN_UNDECLARED_SELECTOR = YES;
				GCC_WARN_UNINITIALIZED_AUTOS = YES_AGGRESSIVE;
				GCC_WARN_UNUSED_FUNCTION = YES;
				GCC_WARN_UNUSED_VARIABLE = YES;
				IPHONEOS_DEPLOYMENT_TARGET = 14.5;
				MTL_ENABLE_DEBUG_INFO = NO;
				MTL_FAST_MATH = YES;
				SDKROOT = iphoneos;
				SWIFT_COMPILATION_MODE = wholemodule;
				SWIFT_OPTIMIZATION_LEVEL = "-O";
				VALIDATE_PRODUCT = YES;
			};
			name = Release;
		};
		54EBBA0C26C7781F00A8861A /* Debug */ = {
			isa = XCBuildConfiguration;
			baseConfigurationReference = 61F6D2BE437273217E3B86D9 /* Pods-SimpleFirebaseChatApp.debug.xcconfig */;
			buildSettings = {
				ASSETCATALOG_COMPILER_APPICON_NAME = AppIcon;
				ASSETCATALOG_COMPILER_GLOBAL_ACCENT_COLOR_NAME = AccentColor;
				CODE_SIGN_STYLE = Automatic;
				DEVELOPMENT_TEAM = DWD3D8GTHK;
				INFOPLIST_FILE = SimpleFirebaseChatApp/Info.plist;
				LD_RUNPATH_SEARCH_PATHS = (
					"$(inherited)",
					"@executable_path/Frameworks",
				);
				PRODUCT_BUNDLE_IDENTIFIER = swift.SimpleFirebaseChatApp;
				PRODUCT_NAME = "$(TARGET_NAME)";
				SWIFT_VERSION = 5.0;
				TARGETED_DEVICE_FAMILY = "1,2";
			};
			name = Debug;
		};
		54EBBA0D26C7781F00A8861A /* Release */ = {
			isa = XCBuildConfiguration;
			baseConfigurationReference = 87B2884D89E678379B52610E /* Pods-SimpleFirebaseChatApp.release.xcconfig */;
			buildSettings = {
				ASSETCATALOG_COMPILER_APPICON_NAME = AppIcon;
				ASSETCATALOG_COMPILER_GLOBAL_ACCENT_COLOR_NAME = AccentColor;
				CODE_SIGN_STYLE = Automatic;
				DEVELOPMENT_TEAM = DWD3D8GTHK;
				INFOPLIST_FILE = SimpleFirebaseChatApp/Info.plist;
				LD_RUNPATH_SEARCH_PATHS = (
					"$(inherited)",
					"@executable_path/Frameworks",
				);
				PRODUCT_BUNDLE_IDENTIFIER = swift.SimpleFirebaseChatApp;
				PRODUCT_NAME = "$(TARGET_NAME)";
				SWIFT_VERSION = 5.0;
				TARGETED_DEVICE_FAMILY = "1,2";
			};
			name = Release;
		};
		54EBBA0F26C7781F00A8861A /* Debug */ = {
			isa = XCBuildConfiguration;
			baseConfigurationReference = F19E934B4E60E1CAACB00858 /* Pods-SimpleFirebaseChatAppTests.debug.xcconfig */;
			buildSettings = {
				ALWAYS_EMBED_SWIFT_STANDARD_LIBRARIES = YES;
				BUNDLE_LOADER = "$(TEST_HOST)";
				CODE_SIGN_STYLE = Automatic;
				DEVELOPMENT_TEAM = DWD3D8GTHK;
				INFOPLIST_FILE = SimpleFirebaseChatAppTests/Info.plist;
				IPHONEOS_DEPLOYMENT_TARGET = 14.5;
				LD_RUNPATH_SEARCH_PATHS = (
					"$(inherited)",
					"@executable_path/Frameworks",
					"@loader_path/Frameworks",
				);
				PRODUCT_BUNDLE_IDENTIFIER = swift.SimpleFirebaseChatAppTests;
				PRODUCT_NAME = "$(TARGET_NAME)";
				SWIFT_VERSION = 5.0;
				TARGETED_DEVICE_FAMILY = "1,2";
				TEST_HOST = "$(BUILT_PRODUCTS_DIR)/SimpleFirebaseChatApp.app/SimpleFirebaseChatApp";
			};
			name = Debug;
		};
		54EBBA1026C7781F00A8861A /* Release */ = {
			isa = XCBuildConfiguration;
			baseConfigurationReference = AD78BBEDCC3C939CCE9A0C19 /* Pods-SimpleFirebaseChatAppTests.release.xcconfig */;
			buildSettings = {
				ALWAYS_EMBED_SWIFT_STANDARD_LIBRARIES = YES;
				BUNDLE_LOADER = "$(TEST_HOST)";
				CODE_SIGN_STYLE = Automatic;
				DEVELOPMENT_TEAM = DWD3D8GTHK;
				INFOPLIST_FILE = SimpleFirebaseChatAppTests/Info.plist;
				IPHONEOS_DEPLOYMENT_TARGET = 14.5;
				LD_RUNPATH_SEARCH_PATHS = (
					"$(inherited)",
					"@executable_path/Frameworks",
					"@loader_path/Frameworks",
				);
				PRODUCT_BUNDLE_IDENTIFIER = swift.SimpleFirebaseChatAppTests;
				PRODUCT_NAME = "$(TARGET_NAME)";
				SWIFT_VERSION = 5.0;
				TARGETED_DEVICE_FAMILY = "1,2";
				TEST_HOST = "$(BUILT_PRODUCTS_DIR)/SimpleFirebaseChatApp.app/SimpleFirebaseChatApp";
			};
			name = Release;
		};
		54EBBA1226C7781F00A8861A /* Debug */ = {
			isa = XCBuildConfiguration;
			baseConfigurationReference = B74C01FB9D351A1622282100 /* Pods-SimpleFirebaseChatApp-SimpleFirebaseChatAppUITests.debug.xcconfig */;
			buildSettings = {
				ALWAYS_EMBED_SWIFT_STANDARD_LIBRARIES = YES;
				CODE_SIGN_STYLE = Automatic;
				DEVELOPMENT_TEAM = DWD3D8GTHK;
				INFOPLIST_FILE = SimpleFirebaseChatAppUITests/Info.plist;
				LD_RUNPATH_SEARCH_PATHS = (
					"$(inherited)",
					"@executable_path/Frameworks",
					"@loader_path/Frameworks",
				);
				PRODUCT_BUNDLE_IDENTIFIER = swift.SimpleFirebaseChatAppUITests;
				PRODUCT_NAME = "$(TARGET_NAME)";
				SWIFT_VERSION = 5.0;
				TARGETED_DEVICE_FAMILY = "1,2";
				TEST_TARGET_NAME = SimpleFirebaseChatApp;
			};
			name = Debug;
		};
		54EBBA1326C7781F00A8861A /* Release */ = {
			isa = XCBuildConfiguration;
			baseConfigurationReference = E2F2E307CB7982B3D74B8776 /* Pods-SimpleFirebaseChatApp-SimpleFirebaseChatAppUITests.release.xcconfig */;
			buildSettings = {
				ALWAYS_EMBED_SWIFT_STANDARD_LIBRARIES = YES;
				CODE_SIGN_STYLE = Automatic;
				DEVELOPMENT_TEAM = DWD3D8GTHK;
				INFOPLIST_FILE = SimpleFirebaseChatAppUITests/Info.plist;
				LD_RUNPATH_SEARCH_PATHS = (
					"$(inherited)",
					"@executable_path/Frameworks",
					"@loader_path/Frameworks",
				);
				PRODUCT_BUNDLE_IDENTIFIER = swift.SimpleFirebaseChatAppUITests;
				PRODUCT_NAME = "$(TARGET_NAME)";
				SWIFT_VERSION = 5.0;
				TARGETED_DEVICE_FAMILY = "1,2";
				TEST_TARGET_NAME = SimpleFirebaseChatApp;
			};
			name = Release;
		};
/* End XCBuildConfiguration section */

/* Begin XCConfigurationList section */
		54EBB9DC26C7781E00A8861A /* Build configuration list for PBXProject "SimpleFirebaseChatApp" */ = {
			isa = XCConfigurationList;
			buildConfigurations = (
				54EBBA0926C7781F00A8861A /* Debug */,
				54EBBA0A26C7781F00A8861A /* Release */,
			);
			defaultConfigurationIsVisible = 0;
			defaultConfigurationName = Release;
		};
		54EBBA0B26C7781F00A8861A /* Build configuration list for PBXNativeTarget "SimpleFirebaseChatApp" */ = {
			isa = XCConfigurationList;
			buildConfigurations = (
				54EBBA0C26C7781F00A8861A /* Debug */,
				54EBBA0D26C7781F00A8861A /* Release */,
			);
			defaultConfigurationIsVisible = 0;
			defaultConfigurationName = Release;
		};
		54EBBA0E26C7781F00A8861A /* Build configuration list for PBXNativeTarget "SimpleFirebaseChatAppTests" */ = {
			isa = XCConfigurationList;
			buildConfigurations = (
				54EBBA0F26C7781F00A8861A /* Debug */,
				54EBBA1026C7781F00A8861A /* Release */,
			);
			defaultConfigurationIsVisible = 0;
			defaultConfigurationName = Release;
		};
		54EBBA1126C7781F00A8861A /* Build configuration list for PBXNativeTarget "SimpleFirebaseChatAppUITests" */ = {
			isa = XCConfigurationList;
			buildConfigurations = (
				54EBBA1226C7781F00A8861A /* Debug */,
				54EBBA1326C7781F00A8861A /* Release */,
			);
			defaultConfigurationIsVisible = 0;
			defaultConfigurationName = Release;
		};
/* End XCConfigurationList section */
	};
	rootObject = 54EBB9D926C7781E00A8861A /* Project object */;
}
